
Microsoft Visual Studio Solution File, Format Version 12.00
# Visual Studio Version 17
VisualStudioVersion = 17.4.33122.133
MinimumVisualStudioVersion = 10.0.40219.1
Project("{9A19103F-16F7-4668-BE54-9A1E7A4F7556}") = "Insurance", "Insurence\Insurance.csproj", "{23F51F0D-0ADB-4B05-8309-52D984E54A37}"
EndProject
Global
	GlobalSection(SolutionConfigurationPlatforms) = preSolution
		Debug|Any CPU = Debug|Any CPU
		Release|Any CPU = Release|Any CPU
	EndGlobalSection
	GlobalSection(ProjectConfigurationPlatforms) = postSolution
		{23F51F0D-0ADB-4B05-8309-52D984E54A37}.Debug|Any CPU.ActiveCfg = Debug|Any CPU
		{23F51F0D-0ADB-4B05-8309-52D984E54A37}.Debug|Any CPU.Build.0 = Debug|Any CPU
		{23F51F0D-0ADB-4B05-8309-52D984E54A37}.Release|Any CPU.ActiveCfg = Release|Any CPU
		{23F51F0D-0ADB-4B05-8309-52D984E54A37}.Release|Any CPU.Build.0 = Release|Any CPU
	EndGlobalSection
	GlobalSection(SolutionProperties) = preSolution
		HideSolutionNode = FALSE
	EndGlobalSection
	GlobalSection(ExtensibilityGlobals) = postSolution
		SolutionGuid = {A298C46A-1F25-46D8-BFCB-9C8B7D36DCAA}
	EndGlobalSection
EndGlobal
